# THIS IS AN AUTOGENERATED FILE. DO NOT EDIT THIS FILE DIRECTLY.
# yarn lockfile v1


"@arrows/array@^1.4.1":
  version "1.4.1"
  resolved "https://registry.npmjs.org/@arrows/array/-/array-1.4.1.tgz"
  integrity sha512-MGYS8xi3c4tTy1ivhrVntFvufoNzje0PchjEz6G/SsWRgUKxL4tKwS6iPdO8vsaJYldagAeWMd5KRD0aX3Q39g==
  dependencies:
    "@arrows/composition" "^1.2.2"

"@arrows/composition@^1.0.0", "@arrows/composition@^1.2.2":
  version "1.2.2"
  resolved "https://registry.npmjs.org/@arrows/composition/-/composition-1.2.2.tgz"
  integrity sha512-9fh1yHwrx32lundiB3SlZ/VwuStPB4QakPsSLrGJFH6rCXvdrd060ivAZ7/2vlqPnEjBkPRRXOcG1YOu19p2GQ==

"@arrows/dispatch@^1.0.2":
  version "1.0.3"
  resolved "https://registry.npmjs.org/@arrows/dispatch/-/dispatch-1.0.3.tgz"
  integrity sha512-v/HwvrFonitYZM2PmBlAlCqVqxrkIIoiEuy5bQgn0BdfvlL0ooSBzcPzTMrtzY8eYktPyYcHg8fLbSgyybXEqw==
  dependencies:
    "@arrows/composition" "^1.2.2"

"@arrows/error@^1.0.2":
  version "1.0.2"
  resolved "https://registry.npmjs.org/@arrows/error/-/error-1.0.2.tgz"
  integrity sha512-yvkiv1ay4Z3+Z6oQsUkedsQm5aFdyPpkBUQs8vejazU/RmANABx6bMMcBPPHI4aW43VPQmXFfBzr/4FExwWTEA==

"@arrows/multimethod@^1.1.6":
  version "1.4.1"
  resolved "https://registry.npmjs.org/@arrows/multimethod/-/multimethod-1.4.1.tgz"
  integrity sha512-AZnAay0dgPnCJxn3We5uKiB88VL+1ZIF2SjZohLj6vqY2UyvB/sKdDnFP+LZNVsTC5lcnGPmLlRRkAh4sXkXsQ==
  dependencies:
    "@arrows/array" "^1.4.1"
    "@arrows/composition" "^1.2.2"
    "@arrows/error" "^1.0.2"
    fast-deep-equal "^3.1.3"

"@esbuild/win32-x64@0.19.8":
  version "0.19.8"
  resolved "https://registry.npmjs.org/@esbuild/win32-x64/-/win32-x64-0.19.8.tgz"
  integrity sha512-bfZ0cQ1uZs2PqpulNL5j/3w+GDhP36k1K5c38QdQg+Swy51jFZWWeIkteNsufkQxp986wnqRRsb/bHbY1WQ7TA==

"@napi-rs/cli@^2.16.5":
  version "2.16.5"

"@nodelib/fs.scandir@2.1.5":
  version "2.1.5"
  dependencies:
    "@nodelib/fs.stat" "2.0.5"
    run-parallel "^1.1.9"

"@nodelib/fs.stat@^2.0.2", "@nodelib/fs.stat@2.0.5":
  version "2.0.5"

"@nodelib/fs.walk@^1.2.3":
  version "1.2.8"
  dependencies:
    "@nodelib/fs.scandir" "2.1.5"
    fastq "^1.6.0"

"@swc-node/core@^1.10.6":
  version "1.10.6"
  resolved "https://registry.npmjs.org/@swc-node/core/-/core-1.10.6.tgz"
  integrity sha512-lDIi/rPosmKIknWzvs2/Fi9zWRtbkx8OJ9pQaevhsoGzJSal8Pd315k1W5AIrnknfdAB4HqRN12fk6AhqnrEEw==

"@swc-node/register@^1.6.8":
  version "1.6.8"
  resolved "https://registry.npmjs.org/@swc-node/register/-/register-1.6.8.tgz"
  integrity sha512-74ijy7J9CWr1Z88yO+ykXphV29giCrSpANQPQRooE0bObpkTO1g4RzQovIfbIaniBiGDDVsYwDoQ3FIrCE8HcQ==
  dependencies:
    "@swc-node/core" "^1.10.6"
    "@swc-node/sourcemap-support" "^0.3.0"
    colorette "^2.0.19"
    debug "^4.3.4"
    pirates "^4.0.5"
    tslib "^2.5.0"

"@swc-node/sourcemap-support@^0.3.0":
  version "0.3.0"
  resolved "https://registry.npmjs.org/@swc-node/sourcemap-support/-/sourcemap-support-0.3.0.tgz"
  integrity sha512-gqBJSmJMWomZFxlppaKea7NeAqFrDrrS0RMt24No92M3nJWcyI9YKGEQKl+EyJqZ5gh6w1s0cTklMHMzRwA1NA==
  dependencies:
    source-map-support "^0.5.21"
    tslib "^2.5.0"

"@swc/core-win32-x64-msvc@1.3.99":
  version "1.3.99"
  resolved "https://registry.npmjs.org/@swc/core-win32-x64-msvc/-/core-win32-x64-msvc-1.3.99.tgz"
  integrity sha512-PdppWhkoS45VGdMBxvClVgF1hVjqamtvYd82Gab1i4IV45OSym2KinoDCKE1b6j3LwBLOn2J9fvChGSgGfDCHQ==

"@swc/core@^1.3.99", "@swc/core@>= 1.3":
  version "1.3.99"
  resolved "https://registry.npmjs.org/@swc/core/-/core-1.3.99.tgz"
  integrity sha512-8O996RfuPC4ieb4zbYMfbyCU9k4gSOpyCNnr7qBQ+o7IEmh8JCV6B8wwu+fT/Om/6Lp34KJe1IpJ/24axKS6TQ==
  dependencies:
    "@swc/counter" "^0.1.1"
    "@swc/types" "^0.1.5"
  optionalDependencies:
    "@swc/core-darwin-arm64" "1.3.99"
    "@swc/core-darwin-x64" "1.3.99"
    "@swc/core-linux-arm64-gnu" "1.3.99"
    "@swc/core-linux-arm64-musl" "1.3.99"
    "@swc/core-linux-x64-gnu" "1.3.99"
    "@swc/core-linux-x64-musl" "1.3.99"
    "@swc/core-win32-arm64-msvc" "1.3.99"
    "@swc/core-win32-ia32-msvc" "1.3.99"
    "@swc/core-win32-x64-msvc" "1.3.99"

"@swc/counter@^0.1.1":
  version "0.1.2"
  resolved "https://registry.npmjs.org/@swc/counter/-/counter-0.1.2.tgz"
  integrity sha512-9F4ys4C74eSTEUNndnER3VJ15oru2NumfQxS8geE+f3eB5xvfxpWyqE5XlVnxb/R14uoXi6SLbBwwiDSkv+XEw==

"@swc/types@^0.1.5":
  version "0.1.5"
  resolved "https://registry.npmjs.org/@swc/types/-/types-0.1.5.tgz"
  integrity sha512-myfUej5naTBWnqOCc/MdVOLVjXUXtIA+NpDrDBKJtLLg2shUjBu3cZmB/85RyitKc55+lUUyl7oRfLOvkr2hsw==

"@types/node@^20.10.0":
  version "20.10.0"
  resolved "https://registry.npmjs.org/@types/node/-/node-20.10.0.tgz"
  integrity sha512-D0WfRmU9TQ8I9PFx9Yc+EBHw+vSpIub4IDvQivcp26PtPrdMGAq5SDcpXEo/epqa/DXotVpekHiLNTg3iaKXBQ==
  dependencies:
    undici-types "~5.26.4"

"@types/winreg@^1.2.36":
  version "1.2.36"
  resolved "https://registry.npmjs.org/@types/winreg/-/winreg-1.2.36.tgz"
  integrity sha512-DtafHy5A8hbaosXrbr7YdjQZaqVewXmiasRS5J4tYMzt3s1gkh40ixpxgVFfKiQ0JIYetTJABat47v9cpr/sQg==

acorn-walk@^8.2.0:
  version "8.3.0"

acorn@^8.8.2:
  version "8.11.2"

aggregate-error@^4.0.0:
  version "4.0.1"
  dependencies:
    clean-stack "^4.0.0"
    indent-string "^5.0.0"

ansi-escapes@^4.3.0:
  version "4.3.2"
  resolved "https://registry.npmjs.org/ansi-escapes/-/ansi-escapes-4.3.2.tgz"
  integrity sha512-gKXj5ALrKWQLsYG9jlTRmR/xKluxHV+Z9QEwNIgCfM1/uwPMCuzVVnh5mwTd+OuBZcwSIMbqssNWRm1lE51QaQ==
  dependencies:
    type-fest "^0.21.3"

ansi-regex@^5.0.1:
  version "5.0.1"
  resolved "https://registry.npmjs.org/ansi-regex/-/ansi-regex-5.0.1.tgz"
  integrity sha512-quJQXlTSUGL2LH9SUXo8VwsY4soanhgo6LNSm84E1LBcE8s3O0wpdiRzyR9z/ZZJMlMWv37qOOb9pdJlMUEKFQ==

ansi-regex@^6.0.1:
  version "6.0.1"

ansi-styles@^4.0.0:
  version "4.3.0"
  resolved "https://registry.npmjs.org/ansi-styles/-/ansi-styles-4.3.0.tgz"
  integrity sha512-zbB9rCJAT1rbjiVDb2hqKFHNYLxgtk8NURxZ3IZwD3F6NtxbXZQCnnSi1Lkx+IDohdPlFp222wVALIheZJQSEg==
  dependencies:
    color-convert "^2.0.1"

ansi-styles@^6.0.0, ansi-styles@^6.2.1:
  version "6.2.1"

anymatch@~3.1.2:
  version "3.1.3"
  dependencies:
    normalize-path "^3.0.0"
    picomatch "^2.0.4"

argparse@^1.0.7:
  version "1.0.10"
  dependencies:
    sprintf-js "~1.0.2"

array-find-index@^1.0.1:
  version "1.0.2"

arrgv@^1.0.2:
  version "1.0.2"

arrify@^3.0.0:
  version "3.0.0"

astral-regex@^2.0.0:
  version "2.0.0"
  resolved "https://registry.npmjs.org/astral-regex/-/astral-regex-2.0.0.tgz"
  integrity sha512-Z7tMw1ytTXt5jqMcOP+OQteU1VuNK9Y02uuJtKQ1Sv69jXQKKg5cibLwGJow8yzZP+eAc18EmLGPal0bp36rvQ==

ava@^5.3.1:
  version "5.3.1"
  resolved "https://registry.npmjs.org/ava/-/ava-5.3.1.tgz"
  integrity sha512-Scv9a4gMOXB6+ni4toLuhAm9KYWEjsgBglJl+kMGI5+IVDt120CCDZyB5HNU9DjmLI2t4I0GbnxGLmmRfGTJGg==
  dependencies:
    acorn "^8.8.2"
    acorn-walk "^8.2.0"
    ansi-styles "^6.2.1"
    arrgv "^1.0.2"
    arrify "^3.0.0"
    callsites "^4.0.0"
    cbor "^8.1.0"
    chalk "^5.2.0"
    chokidar "^3.5.3"
    chunkd "^2.0.1"
    ci-info "^3.8.0"
    ci-parallel-vars "^1.0.1"
    clean-yaml-object "^0.1.0"
    cli-truncate "^3.1.0"
    code-excerpt "^4.0.0"
    common-path-prefix "^3.0.0"
    concordance "^5.0.4"
    currently-unhandled "^0.4.1"
    debug "^4.3.4"
    emittery "^1.0.1"
    figures "^5.0.0"
    globby "^13.1.4"
    ignore-by-default "^2.1.0"
    indent-string "^5.0.0"
    is-error "^2.2.2"
    is-plain-object "^5.0.0"
    is-promise "^4.0.0"
    matcher "^5.0.0"
    mem "^9.0.2"
    ms "^2.1.3"
    p-event "^5.0.1"
    p-map "^5.5.0"
    picomatch "^2.3.1"
    pkg-conf "^4.0.0"
    plur "^5.1.0"
    pretty-ms "^8.0.0"
    resolve-cwd "^3.0.0"
    stack-utils "^2.0.6"
    strip-ansi "^7.0.1"
    supertap "^3.0.1"
    temp-dir "^3.0.0"
    write-file-atomic "^5.0.1"
    yargs "^17.7.2"

benchmark@^2.1.4:
  version "2.1.4"
  resolved "https://registry.npmjs.org/benchmark/-/benchmark-2.1.4.tgz"
  integrity sha512-l9MlfN4M1K/H2fbhfMy3B7vJd6AGKJVQn2h6Sg/Yx+KckoUA7ewS5Vv6TjSq18ooE1kS9hhAlQRH3AkXIh/aOQ==
  dependencies:
    lodash "^4.17.4"
    platform "^1.3.3"

benny@^3.7.1:
  version "3.7.1"
  resolved "https://registry.npmjs.org/benny/-/benny-3.7.1.tgz"
  integrity sha512-USzYxODdVfOS7JuQq/L0naxB788dWCiUgUTxvN+WLPt/JfcDURNNj8kN/N+uK6PDvuR67/9/55cVKGPleFQINA==
  dependencies:
    "@arrows/composition" "^1.0.0"
    "@arrows/dispatch" "^1.0.2"
    "@arrows/multimethod" "^1.1.6"
    benchmark "^2.1.4"
    common-tags "^1.8.0"
    fs-extra "^10.0.0"
    json2csv "^5.0.6"
    kleur "^4.1.4"
    log-update "^4.0.0"

binary-extensions@^2.0.0:
  version "2.2.0"

blueimp-md5@^2.10.0:
  version "2.19.0"

braces@^3.0.2, braces@~3.0.2:
  version "3.0.2"
  dependencies:
    fill-range "^7.0.1"

buffer-from@^1.0.0:
  version "1.1.2"
  resolved "https://registry.npmjs.org/buffer-from/-/buffer-from-1.1.2.tgz"
  integrity sha512-E+XQCRwSbaaiChtv6k6Dwgc+bx+Bs6vuKJHHl5kox/BaKbhiXzqQOwK4cO22yElGp2OCmjwVhT3HmxgyPGnJfQ==

callsites@^4.0.0:
  version "4.1.0"

cbor@^8.1.0:
  version "8.1.0"
  dependencies:
    nofilter "^3.1.0"

chalk@^5.2.0:
  version "5.3.0"

chokidar@^3.5.3:
  version "3.5.3"
  dependencies:
    anymatch "~3.1.2"
    braces "~3.0.2"
    glob-parent "~5.1.2"
    is-binary-path "~2.1.0"
    is-glob "~4.0.1"
    normalize-path "~3.0.0"
    readdirp "~3.6.0"
  optionalDependencies:
    fsevents "~2.3.2"

chunkd@^2.0.1:
  version "2.0.1"

ci-info@^3.8.0:
  version "3.9.0"

ci-parallel-vars@^1.0.1:
  version "1.0.1"

clean-stack@^4.0.0:
  version "4.2.0"
  dependencies:
    escape-string-regexp "5.0.0"

clean-yaml-object@^0.1.0:
  version "0.1.0"

cli-cursor@^3.1.0:
  version "3.1.0"
  resolved "https://registry.npmjs.org/cli-cursor/-/cli-cursor-3.1.0.tgz"
  integrity sha512-I/zHAwsKf9FqGoXM4WWRACob9+SNukZTd94DWF57E4toouRulbCxcUh6RKUEOQlYTHJnzkPMySvPNaaSLNfLZw==
  dependencies:
    restore-cursor "^3.1.0"

cli-truncate@^3.1.0:
  version "3.1.0"
  dependencies:
    slice-ansi "^5.0.0"
    string-width "^5.0.0"

cliui@^8.0.1:
  version "8.0.1"
  dependencies:
    string-width "^4.2.0"
    strip-ansi "^6.0.1"
    wrap-ansi "^7.0.0"

code-excerpt@^4.0.0:
  version "4.0.0"
  dependencies:
    convert-to-spaces "^2.0.1"

color-convert@^2.0.1:
  version "2.0.1"
  dependencies:
    color-name "~1.1.4"

color-name@~1.1.4:
  version "1.1.4"

colorette@^2.0.19:
  version "2.0.20"
  resolved "https://registry.npmjs.org/colorette/-/colorette-2.0.20.tgz"
  integrity sha512-IfEDxwoWIjkeXL1eXcDiow4UbKjhLdq6/EuSVR9GMN7KVH3r9gQ83e73hsz1Nd1T3ijd5xv1wcWRYO+D6kCI2w==

commander@^6.1.0:
  version "6.2.1"
  resolved "https://registry.npmjs.org/commander/-/commander-6.2.1.tgz"
  integrity sha512-U7VdrJFnJgo4xjrHpTzu0yrHPGImdsmD95ZlgYSEajAn2JKzDhDTPG9kBTefmObL2w/ngeZnilk+OV9CG3d7UA==

common-path-prefix@^3.0.0:
  version "3.0.0"

common-tags@^1.8.0:
  version "1.8.2"
  resolved "https://registry.npmjs.org/common-tags/-/common-tags-1.8.2.tgz"
  integrity sha512-gk/Z852D2Wtb//0I+kRFNKKE9dIIVirjoqPoA1wJU+XePVXZfGeBpk45+A1rKO4Q43prqWBNY/MiIeRLbPWUaA==

concordance@^5.0.4:
  version "5.0.4"
  dependencies:
    date-time "^3.1.0"
    esutils "^2.0.3"
    fast-diff "^1.2.0"
    js-string-escape "^1.0.1"
    lodash "^4.17.15"
    md5-hex "^3.0.1"
    semver "^7.3.2"
    well-known-symbols "^2.0.0"

convert-to-spaces@^2.0.1:
  version "2.0.1"

core-util-is@~1.0.0:
  version "1.0.3"
  resolved "https://registry.npmjs.org/core-util-is/-/core-util-is-1.0.3.tgz"
  integrity sha512-ZQBvi1DcpJ4GDqanjucZ2Hj3wEO5pZDS89BWbkcrvdxksJorwUDDZamX9ldFkp9aw2lmBDLgkObEA4DWNJ9FYQ==

currently-unhandled@^0.4.1:
  version "0.4.1"
  dependencies:
    array-find-index "^1.0.1"

date-time@^3.1.0:
  version "3.1.0"
  dependencies:
    time-zone "^1.0.0"

debug@^4.1.0, debug@^4.3.4:
  version "4.3.4"
  dependencies:
    ms "2.1.2"

dir-glob@^3.0.1:
  version "3.0.1"
  dependencies:
    path-type "^4.0.0"

eastasianwidth@^0.2.0:
  version "0.2.0"

emittery@^1.0.1:
  version "1.0.1"

emoji-regex@^8.0.0:
  version "8.0.0"

emoji-regex@^9.2.2:
  version "9.2.2"

esbuild@^0.19.8:
  version "0.19.8"
  resolved "https://registry.npmjs.org/esbuild/-/esbuild-0.19.8.tgz"
  integrity sha512-l7iffQpT2OrZfH2rXIp7/FkmaeZM0vxbxN9KfiCwGYuZqzMg/JdvX26R31Zxn/Pxvsrg3Y9N6XTcnknqDyyv4w==
  optionalDependencies:
    "@esbuild/android-arm" "0.19.8"
    "@esbuild/android-arm64" "0.19.8"
    "@esbuild/android-x64" "0.19.8"
    "@esbuild/darwin-arm64" "0.19.8"
    "@esbuild/darwin-x64" "0.19.8"
    "@esbuild/freebsd-arm64" "0.19.8"
    "@esbuild/freebsd-x64" "0.19.8"
    "@esbuild/linux-arm" "0.19.8"
    "@esbuild/linux-arm64" "0.19.8"
    "@esbuild/linux-ia32" "0.19.8"
    "@esbuild/linux-loong64" "0.19.8"
    "@esbuild/linux-mips64el" "0.19.8"
    "@esbuild/linux-ppc64" "0.19.8"
    "@esbuild/linux-riscv64" "0.19.8"
    "@esbuild/linux-s390x" "0.19.8"
    "@esbuild/linux-x64" "0.19.8"
    "@esbuild/netbsd-x64" "0.19.8"
    "@esbuild/openbsd-x64" "0.19.8"
    "@esbuild/sunos-x64" "0.19.8"
    "@esbuild/win32-arm64" "0.19.8"
    "@esbuild/win32-ia32" "0.19.8"
    "@esbuild/win32-x64" "0.19.8"

escalade@^3.1.1:
  version "3.1.1"

escape-string-regexp@^2.0.0:
  version "2.0.0"

escape-string-regexp@^5.0.0, escape-string-regexp@5.0.0:
  version "5.0.0"

esprima@^4.0.0:
  version "4.0.1"

esutils@^2.0.3:
  version "2.0.3"

fast-deep-equal@^3.1.3:
  version "3.1.3"
  resolved "https://registry.npmjs.org/fast-deep-equal/-/fast-deep-equal-3.1.3.tgz"
  integrity sha512-f3qQ9oQy9j2AhBe/H9VC91wLmKBCCU/gDOnKNAYG5hswO7BLKj09Hc5HYNz9cGI++xlpDCIgDaitVs03ATR84Q==

fast-diff@^1.2.0:
  version "1.3.0"

fast-glob@^3.3.0:
  version "3.3.2"
  dependencies:
    "@nodelib/fs.stat" "^2.0.2"
    "@nodelib/fs.walk" "^1.2.3"
    glob-parent "^5.1.2"
    merge2 "^1.3.0"
    micromatch "^4.0.4"

fastq@^1.6.0:
  version "1.15.0"
  dependencies:
    reusify "^1.0.4"

figures@^5.0.0:
  version "5.0.0"
  dependencies:
    escape-string-regexp "^5.0.0"
    is-unicode-supported "^1.2.0"

fill-range@^7.0.1:
  version "7.0.1"
  dependencies:
    to-regex-range "^5.0.1"

find-up@^6.0.0:
  version "6.3.0"
  dependencies:
    locate-path "^7.1.0"
    path-exists "^5.0.0"

fs-extra@^10.0.0:
  version "10.1.0"
  resolved "https://registry.npmjs.org/fs-extra/-/fs-extra-10.1.0.tgz"
  integrity sha512-oRXApq54ETRj4eMiFzGnHWGy+zo5raudjuxN0b8H7s/RU2oW0Wvsx9O0ACRN/kRq9E8Vu/ReskGB5o3ji+FzHQ==
  dependencies:
    graceful-fs "^4.2.0"
    jsonfile "^6.0.1"
    universalify "^2.0.0"

get-caller-file@^2.0.5:
  version "2.0.5"

glob-parent@^5.1.2, glob-parent@~5.1.2:
  version "5.1.2"
  dependencies:
    is-glob "^4.0.1"

globby@^13.1.4:
  version "13.2.2"
  dependencies:
    dir-glob "^3.0.1"
    fast-glob "^3.3.0"
    ignore "^5.2.4"
    merge2 "^1.4.1"
    slash "^4.0.0"

graceful-fs@^4.1.6, graceful-fs@^4.2.0:
  version "4.2.11"
  resolved "https://registry.npmjs.org/graceful-fs/-/graceful-fs-4.2.11.tgz"
  integrity sha512-RbJ5/jmFcNNCcDV5o9eTnBLJ/HszWV0P73bc+Ff4nS/rJj+YaS6IGyiOL0VoBYX+l1Wrl3k63h/KrH+nhJ0XvQ==

if-async@^3.7.4:
  version "3.7.4"
  resolved "https://registry.npmjs.org/if-async/-/if-async-3.7.4.tgz"
  integrity sha512-BFEH2mZyeF6KZKaKLVPZ0wMjIiWOdjvZ7zbx8ENec0qfZhJwKFbX/4jKM5LTKyJEc/GOqUKiiJ2IFKT9yWrZqA==

ignore-by-default@^2.1.0:
  version "2.1.0"

ignore@^5.2.4:
  version "5.3.0"

imurmurhash@^0.1.4:
  version "0.1.4"

indent-string@^5.0.0:
  version "5.0.0"

inherits@~2.0.1:
  version "2.0.4"
  resolved "https://registry.npmjs.org/inherits/-/inherits-2.0.4.tgz"
  integrity sha512-k/vGaX4/Yla3WzyMCvTQOXYeIHvqOKtnqBduzTHpzpQZzAskKMhZ2K+EnBiSM9zGSoIFeMpXKxa4dYeZIQqewQ==

irregular-plurals@^3.3.0:
  version "3.5.0"

is-binary-path@~2.1.0:
  version "2.1.0"
  dependencies:
    binary-extensions "^2.0.0"

is-error@^2.2.2:
  version "2.2.2"

is-extglob@^2.1.1:
  version "2.1.1"

is-fullwidth-code-point@^3.0.0:
  version "3.0.0"
  resolved "https://registry.npmjs.org/is-fullwidth-code-point/-/is-fullwidth-code-point-3.0.0.tgz"
  integrity sha512-zymm5+u+sCsSWyD9qNaejV3DFvhCKclKdizYaJUuHA83RLjb7nSuGnddCHGv0hk+KY7BMAlsWeK4Ueg6EV6XQg==

is-fullwidth-code-point@^4.0.0:
  version "4.0.0"

is-glob@^4.0.1, is-glob@~4.0.1:
  version "4.0.3"
  dependencies:
    is-extglob "^2.1.1"

is-number@^7.0.0:
  version "7.0.0"

is-plain-object@^5.0.0:
  version "5.0.0"

is-promise@^4.0.0:
  version "4.0.0"

is-unicode-supported@^1.2.0:
  version "1.3.0"

isarray@0.0.1:
  version "0.0.1"
  resolved "https://registry.npmjs.org/isarray/-/isarray-0.0.1.tgz"
  integrity sha512-D2S+3GLxWH+uhrNEcoh/fnmYeP8E8/zHl644d/jdA0g2uyXvy3sb0qxotE+ne0LtccHknQzWwZEzhak7oJ0COQ==

js-string-escape@^1.0.1:
  version "1.0.1"

js-yaml@^3.14.1:
  version "3.14.1"
  dependencies:
    argparse "^1.0.7"
    esprima "^4.0.0"

json2csv@^5.0.6:
  version "5.0.7"
  resolved "https://registry.npmjs.org/json2csv/-/json2csv-5.0.7.tgz"
  integrity sha512-YRZbUnyaJZLZUJSRi2G/MqahCyRv9n/ds+4oIetjDF3jWQA7AG7iSeKTiZiCNqtMZM7HDyt0e/W6lEnoGEmMGA==
  dependencies:
    commander "^6.1.0"
    jsonparse "^1.3.1"
    lodash.get "^4.4.2"

jsonfile@^6.0.1:
  version "6.1.0"
  resolved "https://registry.npmjs.org/jsonfile/-/jsonfile-6.1.0.tgz"
  integrity sha512-5dgndWOriYSm5cnYaJNhalLNDKOqFwyDB/rr1E9ZsGciGvKPs8R2xYGCacuf3z6K1YKDz182fd+fY3cn3pMqXQ==
  dependencies:
    universalify "^2.0.0"
  optionalDependencies:
    graceful-fs "^4.1.6"

jsonparse@^1.3.1:
  version "1.3.1"
  resolved "https://registry.npmjs.org/jsonparse/-/jsonparse-1.3.1.tgz"
  integrity sha512-POQXvpdL69+CluYsillJ7SUhKvytYjW9vG/GKpnf+xP8UWgYEM/RaMzHHofbALDiKbbP1W8UEYmgGl39WkPZsg==

kleur@^4.1.4:
  version "4.1.5"
  resolved "https://registry.npmjs.org/kleur/-/kleur-4.1.5.tgz"
  integrity sha512-o+NO+8WrRiQEE4/7nwRJhN1HWpVmJm511pBHUxPLtp0BUISzlBplORYSmTclCnJvQq2tKu/sgl3xVpkc7ZWuQQ==

load-json-file@^7.0.0:
  version "7.0.1"

locate-path@^7.1.0:
  version "7.2.0"
  dependencies:
    p-locate "^6.0.0"

lodash.get@^4.4.2:
  version "4.4.2"
  resolved "https://registry.npmjs.org/lodash.get/-/lodash.get-4.4.2.tgz"
  integrity sha512-z+Uw/vLuy6gQe8cfaFWD7p0wVv8fJl3mbzXh33RS+0oW2wvUqiRXiQ69gLWSLpgB5/6sU+r6BlQR0MBILadqTQ==

lodash@^4.17.15, lodash@^4.17.4:
  version "4.17.21"

log-update@^4.0.0:
  version "4.0.0"
  resolved "https://registry.npmjs.org/log-update/-/log-update-4.0.0.tgz"
  integrity sha512-9fkkDevMefjg0mmzWFBW8YkFP91OrizzkW3diF7CpG+S2EYdy4+TVfGwz1zeF8x7hCx1ovSPTOE9Ngib74qqUg==
  dependencies:
    ansi-escapes "^4.3.0"
    cli-cursor "^3.1.0"
    slice-ansi "^4.0.0"
    wrap-ansi "^6.2.0"

lru-cache@^6.0.0:
  version "6.0.0"
  dependencies:
    yallist "^4.0.0"

map-age-cleaner@^0.1.3:
  version "0.1.3"
  dependencies:
    p-defer "^1.0.0"

matcher@^5.0.0:
  version "5.0.0"
  dependencies:
    escape-string-regexp "^5.0.0"

md5-hex@^3.0.1:
  version "3.0.1"
  dependencies:
    blueimp-md5 "^2.10.0"

mem@^9.0.2:
  version "9.0.2"
  dependencies:
    map-age-cleaner "^0.1.3"
    mimic-fn "^4.0.0"

merge2@^1.3.0, merge2@^1.4.1:
  version "1.4.1"

micromatch@^4.0.4:
  version "4.0.5"
  dependencies:
    braces "^3.0.2"
    picomatch "^2.3.1"

mimic-fn@^2.1.0:
  version "2.1.0"
  resolved "https://registry.npmjs.org/mimic-fn/-/mimic-fn-2.1.0.tgz"
  integrity sha512-OqbOk5oEQeAZ8WXWydlu9HJjz9WVdEIvamMCcXmuqUYjTknH/sqsWvhQ3vgwKFRR1HpjvNBKQ37nbJgYzGqGcg==

mimic-fn@^4.0.0:
  version "4.0.0"

ms@^2.1.3:
  version "2.1.3"

ms@2.1.2:
  version "2.1.2"

nofilter@^3.1.0:
  version "3.1.0"

normalize-path@^3.0.0, normalize-path@~3.0.0:
  version "3.0.0"

onetime@^5.1.0:
  version "5.1.2"
  resolved "https://registry.npmjs.org/onetime/-/onetime-5.1.2.tgz"
  integrity sha512-kbpaSSGJTWdAY5KPVeMOKXSrPtr8C8C7wodJbcsd51jRnmD+GZu8Y0VoU6Dm5Z4vWr0Ig/1NKuWRKf7j5aaYSg==
  dependencies:
    mimic-fn "^2.1.0"

p-defer@^1.0.0:
  version "1.0.0"

p-event@^5.0.1:
  version "5.0.1"
  dependencies:
    p-timeout "^5.0.2"

p-limit@^4.0.0:
  version "4.0.0"
  dependencies:
    yocto-queue "^1.0.0"

p-locate@^6.0.0:
  version "6.0.0"
  dependencies:
    p-limit "^4.0.0"

p-map@^5.5.0:
  version "5.5.0"
  dependencies:
    aggregate-error "^4.0.0"

p-timeout@^5.0.2:
  version "5.1.0"

parse-ms@^3.0.0:
  version "3.0.0"

path-exists@^5.0.0:
  version "5.0.0"

path-type@^4.0.0:
  version "4.0.0"

picomatch@^2.0.4, picomatch@^2.2.1, picomatch@^2.3.1:
  version "2.3.1"

pirates@^4.0.5:
  version "4.0.6"
  resolved "https://registry.npmjs.org/pirates/-/pirates-4.0.6.tgz"
  integrity sha512-saLsH7WeYYPiD25LDuLRRY/i+6HaPYr6G1OUlN39otzkSTxKnubR9RTxS3/Kk50s1g2JTgFwWQDQyplC5/SHZg==

pkg-conf@^4.0.0:
  version "4.0.0"
  dependencies:
    find-up "^6.0.0"
    load-json-file "^7.0.0"

platform@^1.3.3:
  version "1.3.6"
  resolved "https://registry.npmjs.org/platform/-/platform-1.3.6.tgz"
  integrity sha512-fnWVljUchTro6RiCFvCXBbNhJc2NijN7oIQxbwsyL0buWJPG85v81ehlHI9fXrJsMNgTofEoWIQeClKpgxFLrg==

plur@^5.1.0:
  version "5.1.0"
  dependencies:
    irregular-plurals "^3.3.0"

pretty-ms@^8.0.0:
  version "8.0.0"
  dependencies:
    parse-ms "^3.0.0"

queue-microtask@^1.2.2:
  version "1.2.3"

"readable-stream@>=1.0.33-1 <1.1.0-0":
  version "1.0.34"
  resolved "https://registry.npmjs.org/readable-stream/-/readable-stream-1.0.34.tgz"
  integrity sha512-ok1qVCJuRkNmvebYikljxJA/UEsKwLl2nI1OmaqAu4/UE+h0wKCHok4XkL/gvi39OacXvw59RJUOFUkDib2rHg==
  dependencies:
    core-util-is "~1.0.0"
    inherits "~2.0.1"
    isarray "0.0.1"
    string_decoder "~0.10.x"

readdirp@~3.6.0:
  version "3.6.0"
  dependencies:
    picomatch "^2.2.1"

regedit@^5.1.2:
  version "5.1.2"
  resolved "https://registry.npmjs.org/regedit/-/regedit-5.1.2.tgz"
  integrity sha512-pQpWqO/I40bMNoMO9kTQx3e5iK542kYcB/Z8X3Y7Hcri6ydc4KZ9ByUsEWFkBRMcwo+2irHuNK5s+pMGPr6VPw==
  dependencies:
    debug "^4.1.0"
    if-async "^3.7.4"
    stream-slicer "0.0.6"
    through2 "^0.6.3"

require-directory@^2.1.1:
  version "2.1.1"

resolve-cwd@^3.0.0:
  version "3.0.0"
  dependencies:
    resolve-from "^5.0.0"

resolve-from@^5.0.0:
  version "5.0.0"

restore-cursor@^3.1.0:
  version "3.1.0"
  resolved "https://registry.npmjs.org/restore-cursor/-/restore-cursor-3.1.0.tgz"
  integrity sha512-l+sSefzHpj5qimhFSE5a8nufZYAM3sBSVMAPtYkmC+4EH2anSGaEMXSD0izRQbu9nfyQ9y5JrVmp7E8oZrUjvA==
  dependencies:
    onetime "^5.1.0"
    signal-exit "^3.0.2"

reusify@^1.0.4:
  version "1.0.4"

run-parallel@^1.1.9:
  version "1.2.0"
  dependencies:
    queue-microtask "^1.2.2"

semver@^7.3.2:
  version "7.5.4"
  dependencies:
    lru-cache "^6.0.0"

serialize-error@^7.0.1:
  version "7.0.1"
  dependencies:
    type-fest "^0.13.1"

signal-exit@^3.0.2:
  version "3.0.7"
  resolved "https://registry.npmjs.org/signal-exit/-/signal-exit-3.0.7.tgz"
  integrity sha512-wnD2ZE+l+SPC/uoS0vXeE9L1+0wuaMqKlfz9AMUo38JsyLSBWSFcHR1Rri62LZc12vLr1gb3jl7iwQhgwpAbGQ==

signal-exit@^4.0.1:
  version "4.1.0"

slash@^4.0.0:
  version "4.0.0"

slice-ansi@^4.0.0:
  version "4.0.0"
  resolved "https://registry.npmjs.org/slice-ansi/-/slice-ansi-4.0.0.tgz"
  integrity sha512-qMCMfhY040cVHT43K9BFygqYbUPFZKHOg7K73mtTWJRb8pyP3fzf4Ixd5SzdEJQ6MRUg/WBnOLxghZtKKurENQ==
  dependencies:
    ansi-styles "^4.0.0"
    astral-regex "^2.0.0"
    is-fullwidth-code-point "^3.0.0"

slice-ansi@^5.0.0:
  version "5.0.0"
  dependencies:
    ansi-styles "^6.0.0"
    is-fullwidth-code-point "^4.0.0"

source-map-support@^0.5.21:
  version "0.5.21"
  resolved "https://registry.npmjs.org/source-map-support/-/source-map-support-0.5.21.tgz"
  integrity sha512-uBHU3L3czsIyYXKX88fdrGovxdSCoTGDRZ6SYXtSRxLZUzHg5P/66Ht6uoUlHu9EZod+inXhKo3qQgwXUT/y1w==
  dependencies:
    buffer-from "^1.0.0"
    source-map "^0.6.0"

source-map@^0.6.0:
  version "0.6.1"
  resolved "https://registry.npmjs.org/source-map/-/source-map-0.6.1.tgz"
  integrity sha512-UjgapumWlbMhkBgzT7Ykc5YXUT46F0iKu8SGXq0bcwP5dz/h0Plj6enJqjz1Zbq2l5WaqYnrVbwWOWMyF3F47g==

sprintf-js@~1.0.2:
  version "1.0.3"

stack-utils@^2.0.6:
  version "2.0.6"
  dependencies:
    escape-string-regexp "^2.0.0"

stream-slicer@0.0.6:
  version "0.0.6"
  resolved "https://registry.npmjs.org/stream-slicer/-/stream-slicer-0.0.6.tgz"
  integrity sha512-QsY0LbweYE5L+e+iBQgtkM5WUIf7+kCMA/m2VULv8rEEDDnlDPsPvOHH4nli6uaZOKQEt64u65h0l/eeZo7lCw==

string_decoder@~0.10.x:
  version "0.10.31"
  resolved "https://registry.npmjs.org/string_decoder/-/string_decoder-0.10.31.tgz"
  integrity sha512-ev2QzSzWPYmy9GuqfIVildA4OdcGLeFZQrq5ys6RtiuF+RQQiZWr8TZNyAcuVXyQRYfEO+MsoB/1BuQVhOJuoQ==

string-width@^4.1.0, string-width@^4.2.0, string-width@^4.2.3:
  version "4.2.3"
  dependencies:
    emoji-regex "^8.0.0"
    is-fullwidth-code-point "^3.0.0"
    strip-ansi "^6.0.1"

string-width@^5.0.0:
  version "5.1.2"
  dependencies:
    eastasianwidth "^0.2.0"
    emoji-regex "^9.2.2"
    strip-ansi "^7.0.1"

strip-ansi@^6.0.0:
  version "6.0.1"
  resolved "https://registry.npmjs.org/strip-ansi/-/strip-ansi-6.0.1.tgz"
  integrity sha512-Y38VPSHcqkFrCpFnQ9vuSXmquuv5oXOKpGeT6aGrr3o3Gc9AlVa6JBfUSOCnbxGGZF+/0ooI7KrPuUSztUdU5A==
  dependencies:
    ansi-regex "^5.0.1"

strip-ansi@^6.0.1:
  version "6.0.1"
  dependencies:
    ansi-regex "^5.0.1"

strip-ansi@^7.0.1:
  version "7.1.0"
  dependencies:
    ansi-regex "^6.0.1"

supertap@^3.0.1:
  version "3.0.1"
  dependencies:
    indent-string "^5.0.0"
    js-yaml "^3.14.1"
    serialize-error "^7.0.1"
    strip-ansi "^7.0.1"

temp-dir@^3.0.0:
  version "3.0.0"

through2@^0.6.3:
  version "0.6.5"
  resolved "https://registry.npmjs.org/through2/-/through2-0.6.5.tgz"
  integrity sha512-RkK/CCESdTKQZHdmKICijdKKsCRVHs5KsLZ6pACAmF/1GPUQhonHSXWNERctxEp7RmvjdNbZTL5z9V7nSCXKcg==
  dependencies:
    readable-stream ">=1.0.33-1 <1.1.0-0"
    xtend ">=4.0.0 <4.1.0-0"

time-zone@^1.0.0:
  version "1.0.0"

to-regex-range@^5.0.1:
  version "5.0.1"
  dependencies:
    is-number "^7.0.0"

tslib@^2.5.0:
  version "2.6.2"
  resolved "https://registry.npmjs.org/tslib/-/tslib-2.6.2.tgz"
  integrity sha512-AEYxH93jGFPn/a2iVAwW87VuUIkR1FVUKB77NwMF7nBTDkDrrT/Hpt/IrCJ0QXhW27jTBDcf5ZY7w6RiqTMw2Q==

type-fest@^0.13.1:
  version "0.13.1"

type-fest@^0.21.3:
  version "0.21.3"
  resolved "https://registry.npmjs.org/type-fest/-/type-fest-0.21.3.tgz"
  integrity sha512-t0rzBq87m3fVcduHDUFhKmyyX+9eo6WQjZvf51Ea/M0Q7+T374Jp1aUiyUl0GKxp8M/OETVHSDvmkyPgvX+X2w==

typescript@^5.3.2, "typescript@>= 4.3":
  version "5.3.2"
  resolved "https://registry.npmjs.org/typescript/-/typescript-5.3.2.tgz"
  integrity sha512-6l+RyNy7oAHDfxC4FzSJcz9vnjTKxrLpDG5M2Vu4SHRVNg6xzqZp6LYSR9zjqQTu8DU/f5xwxUdADOkbrIX2gQ==

undici-types@~5.26.4:
  version "5.26.5"
  resolved "https://registry.npmjs.org/undici-types/-/undici-types-5.26.5.tgz"
  integrity sha512-JlCMO+ehdEIKqlFxk6IfVoAUVmgz7cU7zD/h9XZ0qzeosSHmUJVOzSQvvYSYWXkFXC+IfLKSIffhv0sVZup6pA==

universalify@^2.0.0:
  version "2.0.1"
  resolved "https://registry.npmjs.org/universalify/-/universalify-2.0.1.tgz"
  integrity sha512-gptHNQghINnc/vTGIk0SOFGFNXw7JVrlRUtConJRlvaw6DuX0wO5Jeko9sWrMBhh+PsYAZ7oXAiOnf/UKogyiw==

well-known-symbols@^2.0.0:
  version "2.0.0"

winreg@^1.2.5:
  version "1.2.5"
  resolved "https://registry.npmjs.org/winreg/-/winreg-1.2.5.tgz"
  integrity sha512-uf7tHf+tw0B1y+x+mKTLHkykBgK2KMs3g+KlzmyMbLvICSHQyB/xOFjTT8qZ3oeTFyU7Bbj4FzXitGG6jvKhYw==

wrap-ansi@^6.2.0:
  version "6.2.0"
  resolved "https://registry.npmjs.org/wrap-ansi/-/wrap-ansi-6.2.0.tgz"
  integrity sha512-r6lPcBGxZXlIcymEu7InxDMhdW0KDxpLgoFLcguasxCaJ/SOIZwINatK9KY/tf+ZrlywOKU0UDj3ATXUBfxJXA==
  dependencies:
    ansi-styles "^4.0.0"
    string-width "^4.1.0"
    strip-ansi "^6.0.0"

wrap-ansi@^7.0.0:
  version "7.0.0"
  dependencies:
    ansi-styles "^4.0.0"
    string-width "^4.1.0"
    strip-ansi "^6.0.0"

write-file-atomic@^5.0.1:
  version "5.0.1"
  dependencies:
    imurmurhash "^0.1.4"
    signal-exit "^4.0.1"

"xtend@>=4.0.0 <4.1.0-0":
  version "4.0.2"
  resolved "https://registry.npmjs.org/xtend/-/xtend-4.0.2.tgz"
  integrity sha512-LKYU1iAXJXUgAXn9URjiu+MWhyUXHsvfp7mcuYm9dSUKK0/CjtrUwFAxD82/mCWbtLsGjFIad0wIsod4zrTAEQ==

y18n@^5.0.5:
  version "5.0.8"

yallist@^4.0.0:
  version "4.0.0"

yargs-parser@^21.1.1:
  version "21.1.1"

yargs@^17.7.2:
  version "17.7.2"
  dependencies:
    cliui "^8.0.1"
    escalade "^3.1.1"
    get-caller-file "^2.0.5"
    require-directory "^2.1.1"
    string-width "^4.2.3"
    y18n "^5.0.5"
    yargs-parser "^21.1.1"

yocto-queue@^1.0.0:
  version "1.0.0"
